
Microsoft Visual Studio Solution File, Format Version 12.00
# Visual Studio Version 17
VisualStudioVersion = 17.0.31919.166
MinimumVisualStudioVersion = 10.0.40219.1
Project("{FAE04EC0-301F-11D3-BF4B-00C04F79EFBC}") = "конструктор", "конструктор\конструктор.csproj", "{F5869E34-EFF3-41FE-BD44-BF8FECEBE1ED}"
EndProject
Global
	GlobalSection(SolutionConfigurationPlatforms) = preSolution
		Debug|Any CPU = Debug|Any CPU
		Release|Any CPU = Release|Any CPU
	EndGlobalSection
	GlobalSection(ProjectConfigurationPlatforms) = postSolution
		{F5869E34-EFF3-41FE-BD44-BF8FECEBE1ED}.Debug|Any CPU.ActiveCfg = Debug|Any CPU
		{F5869E34-EFF3-41FE-BD44-BF8FECEBE1ED}.Debug|Any CPU.Build.0 = Debug|Any CPU
		{F5869E34-EFF3-41FE-BD44-BF8FECEBE1ED}.Release|Any CPU.ActiveCfg = Release|Any CPU
		{F5869E34-EFF3-41FE-BD44-BF8FECEBE1ED}.Release|Any CPU.Build.0 = Release|Any CPU
	EndGlobalSection
	GlobalSection(SolutionProperties) = preSolution
		HideSolutionNode = FALSE
	EndGlobalSection
	GlobalSection(ExtensibilityGlobals) = postSolution
		SolutionGuid = {C348297F-49C9-45B4-AF3C-D260E7DE6B05}
	EndGlobalSection
EndGlobal
